
Microsoft Visual Studio Solution File, Format Version 12.00
# Visual Studio Version 16
VisualStudioVersion = 16.0.29123.88
MinimumVisualStudioVersion = 10.0.40219.1
Project("{FAE04EC0-301F-11D3-BF4B-00C04F79EFBC}") = "FruitsProject", "FruitsProject.csproj", "{1EF8075F-CD19-4483-A656-28396C2D870D}"
EndProject
Project("{FAE04EC0-301F-11D3-BF4B-00C04F79EFBC}") = "ProdUI", "..\..\..\Desktop\SD\ProductPage\ProdUI\ProdUI.csproj", "{030769B3-13BD-4841-BD03-928B97B2768E}"
EndProject
Global
	GlobalSection(SolutionConfigurationPlatforms) = preSolution
		Debug|Any CPU = Debug|Any CPU
		Release|Any CPU = Release|Any CPU
	EndGlobalSection
	GlobalSection(ProjectConfigurationPlatforms) = postSolution
		{1EF8075F-CD19-4483-A656-28396C2D870D}.Debug|Any CPU.ActiveCfg = Debug|Any CPU
		{1EF8075F-CD19-4483-A656-28396C2D870D}.Debug|Any CPU.Build.0 = Debug|Any CPU
		{1EF8075F-CD19-4483-A656-28396C2D870D}.Release|Any CPU.ActiveCfg = Release|Any CPU
		{1EF8075F-CD19-4483-A656-28396C2D870D}.Release|Any CPU.Build.0 = Release|Any CPU
		{030769B3-13BD-4841-BD03-928B97B2768E}.Debug|Any CPU.ActiveCfg = Debug|Any CPU
		{030769B3-13BD-4841-BD03-928B97B2768E}.Debug|Any CPU.Build.0 = Debug|Any CPU
		{030769B3-13BD-4841-BD03-928B97B2768E}.Release|Any CPU.ActiveCfg = Release|Any CPU
		{030769B3-13BD-4841-BD03-928B97B2768E}.Release|Any CPU.Build.0 = Release|Any CPU
	EndGlobalSection
	GlobalSection(SolutionProperties) = preSolution
		HideSolutionNode = FALSE
	EndGlobalSection
	GlobalSection(ExtensibilityGlobals) = postSolution
		SolutionGuid = {EF110101-287B-4A59-8992-727AED3CE98A}
	EndGlobalSection
EndGlobal
